
Microsoft Visual Studio Solution File, Format Version 12.00
# Visual Studio 14
VisualStudioVersion = 14.0.24720.0
MinimumVisualStudioVersion = 10.0.40219.1
Project("{FAE04EC0-301F-11D3-BF4B-00C04F79EFBC}") = "Client", "Client\Client.csproj", "{26D19AFF-E26E-4D3F-A022-CD597E8CA63D}"
EndProject
Project("{FAE04EC0-301F-11D3-BF4B-00C04F79EFBC}") = "Client.Tests", "Client.Tests\Client.Tests.csproj", "{D873B77B-9F02-4FCD-9B3B-6011EFC0405E}"
EndProject
Global
	GlobalSection(SolutionConfigurationPlatforms) = preSolution
		Debug|Any CPU = Debug|Any CPU
		Release|Any CPU = Release|Any CPU
	EndGlobalSection
	GlobalSection(ProjectConfigurationPlatforms) = postSolution
		{26D19AFF-E26E-4D3F-A022-CD597E8CA63D}.Debug|Any CPU.ActiveCfg = Debug|Any CPU
		{26D19AFF-E26E-4D3F-A022-CD597E8CA63D}.Debug|Any CPU.Build.0 = Debug|Any CPU
		{26D19AFF-E26E-4D3F-A022-CD597E8CA63D}.Release|Any CPU.ActiveCfg = Release|Any CPU
		{26D19AFF-E26E-4D3F-A022-CD597E8CA63D}.Release|Any CPU.Build.0 = Release|Any CPU
		{D873B77B-9F02-4FCD-9B3B-6011EFC0405E}.Debug|Any CPU.ActiveCfg = Debug|Any CPU
		{D873B77B-9F02-4FCD-9B3B-6011EFC0405E}.Debug|Any CPU.Build.0 = Debug|Any CPU
		{D873B77B-9F02-4FCD-9B3B-6011EFC0405E}.Release|Any CPU.ActiveCfg = Release|Any CPU
		{D873B77B-9F02-4FCD-9B3B-6011EFC0405E}.Release|Any CPU.Build.0 = Release|Any CPU
	EndGlobalSection
	GlobalSection(SolutionProperties) = preSolution
		HideSolutionNode = FALSE
	EndGlobalSection
EndGlobal
